// !$*UTF8*$!
{
	archiveVersion = 1;
	classes = {
	};
	objectVersion = 56;
	objects = {

/* Begin PBXBuildFile section */
		52DE13522A8A24DA00A7C3A8 /* SmallRoundedRectangle.swift in Sources */ = {isa = PBXBuildFile; fileRef = 52DE13512A8A24DA00A7C3A8 /* SmallRoundedRectangle.swift */; };
		52DE13542A8A269100A7C3A8 /* SmallRoundedRectangleCarousel.swift in Sources */ = {isa = PBXBuildFile; fileRef = 52DE13532A8A269100A7C3A8 /* SmallRoundedRectangleCarousel.swift */; };
		52DE13562A8A277400A7C3A8 /* SectionWithTitle.swift in Sources */ = {isa = PBXBuildFile; fileRef = 52DE13552A8A277400A7C3A8 /* SectionWithTitle.swift */; };
		52DE13582A8A278500A7C3A8 /* SectionWithTitleCell.swift in Sources */ = {isa = PBXBuildFile; fileRef = 52DE13572A8A278500A7C3A8 /* SectionWithTitleCell.swift */; };
		52DE135F2A8A49AD00A7C3A8 /* LaunchScreen.storyboard in Resources */ = {isa = PBXBuildFile; fileRef = 52DE135E2A8A49AD00A7C3A8 /* LaunchScreen.storyboard */; };
		52E4A7982A88C86F0080614E /* MySparApp.swift in Sources */ = {isa = PBXBuildFile; fileRef = 52E4A7972A88C86F0080614E /* MySparApp.swift */; };
		52E4A79A2A88C86F0080614E /* MainScreen.swift in Sources */ = {isa = PBXBuildFile; fileRef = 52E4A7992A88C86F0080614E /* MainScreen.swift */; };
		52E4A79C2A88C8710080614E /* Assets.xcassets in Resources */ = {isa = PBXBuildFile; fileRef = 52E4A79B2A88C8710080614E /* Assets.xcassets */; };
		52E4A79F2A88C8710080614E /* Preview Assets.xcassets in Resources */ = {isa = PBXBuildFile; fileRef = 52E4A79E2A88C8710080614E /* Preview Assets.xcassets */; };
		52E4A7A62A88DFB60080614E /* LocationCapsule.swift in Sources */ = {isa = PBXBuildFile; fileRef = 52E4A7A52A88DFB60080614E /* LocationCapsule.swift */; };
		52E4A7A82A88EEA20080614E /* CircleView.swift in Sources */ = {isa = PBXBuildFile; fileRef = 52E4A7A72A88EEA20080614E /* CircleView.swift */; };
		52E4A7AA2A88F2810080614E /* CircleСarousel.swift in Sources */ = {isa = PBXBuildFile; fileRef = 52E4A7A92A88F2810080614E /* CircleСarousel.swift */; };
		52E4A7AC2A893CE30080614E /* TabBarView.swift in Sources */ = {isa = PBXBuildFile; fileRef = 52E4A7AB2A893CE30080614E /* TabBarView.swift */; };
		52E4A7AE2A893F710080614E /* RoundedRectangleView.swift in Sources */ = {isa = PBXBuildFile; fileRef = 52E4A7AD2A893F710080614E /* RoundedRectangleView.swift */; };
		52E4A7B02A89406F0080614E /* RoundedRectangleCarousel.swift in Sources */ = {isa = PBXBuildFile; fileRef = 52E4A7AF2A89406F0080614E /* RoundedRectangleCarousel.swift */; };
		52E4A7B22A89417E0080614E /* SingleRoundedRectangleView.swift in Sources */ = {isa = PBXBuildFile; fileRef = 52E4A7B12A89417E0080614E /* SingleRoundedRectangleView.swift */; };
		52E4A7B42A89629C0080614E /* BarCode.swift in Sources */ = {isa = PBXBuildFile; fileRef = 52E4A7B32A89629C0080614E /* BarCode.swift */; };
/* End PBXBuildFile section */

/* Begin PBXFileReference section */
		52DE13512A8A24DA00A7C3A8 /* SmallRoundedRectangle.swift */ = {isa = PBXFileReference; lastKnownFileType = sourcecode.swift; path = SmallRoundedRectangle.swift; sourceTree = "<group>"; };
		52DE13532A8A269100A7C3A8 /* SmallRoundedRectangleCarousel.swift */ = {isa = PBXFileReference; lastKnownFileType = sourcecode.swift; path = SmallRoundedRectangleCarousel.swift; sourceTree = "<group>"; };
		52DE13552A8A277400A7C3A8 /* SectionWithTitle.swift */ = {isa = PBXFileReference; lastKnownFileType = sourcecode.swift; path = SectionWithTitle.swift; sourceTree = "<group>"; };
		52DE13572A8A278500A7C3A8 /* SectionWithTitleCell.swift */ = {isa = PBXFileReference; lastKnownFileType = sourcecode.swift; path = SectionWithTitleCell.swift; sourceTree = "<group>"; };
		52DE135E2A8A49AD00A7C3A8 /* LaunchScreen.storyboard */ = {isa = PBXFileReference; lastKnownFileType = file.storyboard; path = LaunchScreen.storyboard; sourceTree = "<group>"; };
		52E4A7942A88C86F0080614E /* MySpar.app */ = {isa = PBXFileReference; explicitFileType = wrapper.application; includeInIndex = 0; path = MySpar.app; sourceTree = BUILT_PRODUCTS_DIR; };
		52E4A7972A88C86F0080614E /* MySparApp.swift */ = {isa = PBXFileReference; lastKnownFileType = sourcecode.swift; path = MySparApp.swift; sourceTree = "<group>"; };
		52E4A7992A88C86F0080614E /* MainScreen.swift */ = {isa = PBXFileReference; lastKnownFileType = sourcecode.swift; path = MainScreen.swift; sourceTree = "<group>"; };
		52E4A79B2A88C8710080614E /* Assets.xcassets */ = {isa = PBXFileReference; lastKnownFileType = folder.assetcatalog; path = Assets.xcassets; sourceTree = "<group>"; };
		52E4A79E2A88C8710080614E /* Preview Assets.xcassets */ = {isa = PBXFileReference; lastKnownFileType = folder.assetcatalog; path = "Preview Assets.xcassets"; sourceTree = "<group>"; };
		52E4A7A52A88DFB60080614E /* LocationCapsule.swift */ = {isa = PBXFileReference; lastKnownFileType = sourcecode.swift; path = LocationCapsule.swift; sourceTree = "<group>"; };
		52E4A7A72A88EEA20080614E /* CircleView.swift */ = {isa = PBXFileReference; lastKnownFileType = sourcecode.swift; path = CircleView.swift; sourceTree = "<group>"; };
		52E4A7A92A88F2810080614E /* CircleСarousel.swift */ = {isa = PBXFileReference; lastKnownFileType = sourcecode.swift; path = "CircleСarousel.swift"; sourceTree = "<group>"; };
		52E4A7AB2A893CE30080614E /* TabBarView.swift */ = {isa = PBXFileReference; lastKnownFileType = sourcecode.swift; path = TabBarView.swift; sourceTree = "<group>"; };
		52E4A7AD2A893F710080614E /* RoundedRectangleView.swift */ = {isa = PBXFileReference; lastKnownFileType = sourcecode.swift; path = RoundedRectangleView.swift; sourceTree = "<group>"; };
		52E4A7AF2A89406F0080614E /* RoundedRectangleCarousel.swift */ = {isa = PBXFileReference; lastKnownFileType = sourcecode.swift; path = RoundedRectangleCarousel.swift; sourceTree = "<group>"; };
		52E4A7B12A89417E0080614E /* SingleRoundedRectangleView.swift */ = {isa = PBXFileReference; lastKnownFileType = sourcecode.swift; path = SingleRoundedRectangleView.swift; sourceTree = "<group>"; };
		52E4A7B32A89629C0080614E /* BarCode.swift */ = {isa = PBXFileReference; lastKnownFileType = sourcecode.swift; path = BarCode.swift; sourceTree = "<group>"; };
/* End PBXFileReference section */

/* Begin PBXFrameworksBuildPhase section */
		52E4A7912A88C86F0080614E /* Frameworks */ = {
			isa = PBXFrameworksBuildPhase;
			buildActionMask = 2147483647;
			files = (
			);
			runOnlyForDeploymentPostprocessing = 0;
		};
/* End PBXFrameworksBuildPhase section */

/* Begin PBXGroup section */
		52DE13592A8A478700A7C3A8 /* CircleСarouselSection */ = {
			isa = PBXGroup;
			children = (
				52E4A7A72A88EEA20080614E /* CircleView.swift */,
				52E4A7A92A88F2810080614E /* CircleСarousel.swift */,
			);
			path = "CircleСarouselSection";
			sourceTree = "<group>";
		};
		52DE135A2A8A47C300A7C3A8 /* RoundedRectangleCarouselSection */ = {
			isa = PBXGroup;
			children = (
				52E4A7AD2A893F710080614E /* RoundedRectangleView.swift */,
				52E4A7AF2A89406F0080614E /* RoundedRectangleCarousel.swift */,
			);
			path = RoundedRectangleCarouselSection;
			sourceTree = "<group>";
		};
		52DE135B2A8A47E700A7C3A8 /* SingleRoundedRectangleViewSection */ = {
			isa = PBXGroup;
			children = (
				52E4A7B12A89417E0080614E /* SingleRoundedRectangleView.swift */,
				52E4A7B32A89629C0080614E /* BarCode.swift */,
			);
			path = SingleRoundedRectangleViewSection;
			sourceTree = "<group>";
		};
		52DE135C2A8A47FC00A7C3A8 /* SmallRoundedRectangleCarouselSection */ = {
			isa = PBXGroup;
			children = (
				52DE13512A8A24DA00A7C3A8 /* SmallRoundedRectangle.swift */,
				52DE13532A8A269100A7C3A8 /* SmallRoundedRectangleCarousel.swift */,
			);
			path = SmallRoundedRectangleCarouselSection;
			sourceTree = "<group>";
		};
		52DE135D2A8A481D00A7C3A8 /* SectionWithTitle */ = {
			isa = PBXGroup;
			children = (
				52DE13552A8A277400A7C3A8 /* SectionWithTitle.swift */,
				52DE13572A8A278500A7C3A8 /* SectionWithTitleCell.swift */,
			);
			path = SectionWithTitle;
			sourceTree = "<group>";
		};
		52DE13602A8A4A8600A7C3A8 /* Views */ = {
			isa = PBXGroup;
			children = (
				52E4A7AB2A893CE30080614E /* TabBarView.swift */,
				52E4A7992A88C86F0080614E /* MainScreen.swift */,
				52E4A7A52A88DFB60080614E /* LocationCapsule.swift */,
				52DE13592A8A478700A7C3A8 /* CircleСarouselSection */,
				52DE135A2A8A47C300A7C3A8 /* RoundedRectangleCarouselSection */,
				52DE135B2A8A47E700A7C3A8 /* SingleRoundedRectangleViewSection */,
				52DE135C2A8A47FC00A7C3A8 /* SmallRoundedRectangleCarouselSection */,
				52DE135D2A8A481D00A7C3A8 /* SectionWithTitle */,
			);
			path = Views;
			sourceTree = "<group>";
		};
		52E4A78B2A88C86F0080614E = {
			isa = PBXGroup;
			children = (
				52E4A7962A88C86F0080614E /* MySpar */,
				52E4A7952A88C86F0080614E /* Products */,
			);
			sourceTree = "<group>";
		};
		52E4A7952A88C86F0080614E /* Products */ = {
			isa = PBXGroup;
			children = (
				52E4A7942A88C86F0080614E /* MySpar.app */,
			);
			name = Products;
			sourceTree = "<group>";
		};
		52E4A7962A88C86F0080614E /* MySpar */ = {
			isa = PBXGroup;
			children = (
				52E4A7972A88C86F0080614E /* MySparApp.swift */,
				52E4A79B2A88C8710080614E /* Assets.xcassets */,
				52DE135E2A8A49AD00A7C3A8 /* LaunchScreen.storyboard */,
				52DE13602A8A4A8600A7C3A8 /* Views */,
				52E4A79D2A88C8710080614E /* Preview Content */,
			);
			path = MySpar;
			sourceTree = "<group>";
		};
		52E4A79D2A88C8710080614E /* Preview Content */ = {
			isa = PBXGroup;
			children = (
				52E4A79E2A88C8710080614E /* Preview Assets.xcassets */,
			);
			path = "Preview Content";
			sourceTree = "<group>";
		};
/* End PBXGroup section */

/* Begin PBXNativeTarget section */
		52E4A7932A88C86F0080614E /* MySpar */ = {
			isa = PBXNativeTarget;
			buildConfigurationList = 52E4A7A22A88C8710080614E /* Build configuration list for PBXNativeTarget "MySpar" */;
			buildPhases = (
				52E4A7902A88C86F0080614E /* Sources */,
				52E4A7912A88C86F0080614E /* Frameworks */,
				52E4A7922A88C86F0080614E /* Resources */,
			);
			buildRules = (
			);
			dependencies = (
			);
			name = MySpar;
			productName = MySpar;
			productReference = 52E4A7942A88C86F0080614E /* MySpar.app */;
			productType = "com.apple.product-type.application";
		};
/* End PBXNativeTarget section */

/* Begin PBXProject section */
		52E4A78C2A88C86F0080614E /* Project object */ = {
			isa = PBXProject;
			attributes = {
				BuildIndependentTargetsInParallel = 1;
				LastSwiftUpdateCheck = 1430;
				LastUpgradeCheck = 1430;
				TargetAttributes = {
					52E4A7932A88C86F0080614E = {
						CreatedOnToolsVersion = 14.3.1;
					};
				};
			};
			buildConfigurationList = 52E4A78F2A88C86F0080614E /* Build configuration list for PBXProject "MySpar" */;
			compatibilityVersion = "Xcode 14.0";
			developmentRegion = en;
			hasScannedForEncodings = 0;
			knownRegions = (
				en,
				Base,
			);
			mainGroup = 52E4A78B2A88C86F0080614E;
			productRefGroup = 52E4A7952A88C86F0080614E /* Products */;
			projectDirPath = "";
			projectRoot = "";
			targets = (
				52E4A7932A88C86F0080614E /* MySpar */,
			);
		};
/* End PBXProject section */

/* Begin PBXResourcesBuildPhase section */
		52E4A7922A88C86F0080614E /* Resources */ = {
			isa = PBXResourcesBuildPhase;
			buildActionMask = 2147483647;
			files = (
				52DE135F2A8A49AD00A7C3A8 /* LaunchScreen.storyboard in Resources */,
				52E4A79F2A88C8710080614E /* Preview Assets.xcassets in Resources */,
				52E4A79C2A88C8710080614E /* Assets.xcassets in Resources */,
			);
			runOnlyForDeploymentPostprocessing = 0;
		};
/* End PBXResourcesBuildPhase section */

/* Begin PBXSourcesBuildPhase section */
		52E4A7902A88C86F0080614E /* Sources */ = {
			isa = PBXSourcesBuildPhase;
			buildActionMask = 2147483647;
			files = (
				52DE13562A8A277400A7C3A8 /* SectionWithTitle.swift in Sources */,
				52E4A7A82A88EEA20080614E /* CircleView.swift in Sources */,
				52E4A7AA2A88F2810080614E /* CircleСarousel.swift in Sources */,
				52E4A7B42A89629C0080614E /* BarCode.swift in Sources */,
				52E4A79A2A88C86F0080614E /* MainScreen.swift in Sources */,
				52E4A7A62A88DFB60080614E /* LocationCapsule.swift in Sources */,
				52E4A7AE2A893F710080614E /* RoundedRectangleView.swift in Sources */,
				52DE13522A8A24DA00A7C3A8 /* SmallRoundedRectangle.swift in Sources */,
				52DE13542A8A269100A7C3A8 /* SmallRoundedRectangleCarousel.swift in Sources */,
				52E4A7B22A89417E0080614E /* SingleRoundedRectangleView.swift in Sources */,
				52DE13582A8A278500A7C3A8 /* SectionWithTitleCell.swift in Sources */,
				52E4A7B02A89406F0080614E /* RoundedRectangleCarousel.swift in Sources */,
				52E4A7AC2A893CE30080614E /* TabBarView.swift in Sources */,
				52E4A7982A88C86F0080614E /* MySparApp.swift in Sources */,
			);
			runOnlyForDeploymentPostprocessing = 0;
		};
/* End PBXSourcesBuildPhase section */

/* Begin XCBuildConfiguration section */
		52E4A7A02A88C8710080614E /* Debug */ = {
			isa = XCBuildConfiguration;
			buildSettings = {
				ALWAYS_SEARCH_USER_PATHS = NO;
				CLANG_ANALYZER_NONNULL = YES;
				CLANG_ANALYZER_NUMBER_OBJECT_CONVERSION = YES_AGGRESSIVE;
				CLANG_CXX_LANGUAGE_STANDARD = "gnu++20";
				CLANG_ENABLE_MODULES = YES;
				CLANG_ENABLE_OBJC_ARC = YES;
				CLANG_ENABLE_OBJC_WEAK = YES;
				CLANG_WARN_BLOCK_CAPTURE_AUTORELEASING = YES;
				CLANG_WARN_BOOL_CONVERSION = YES;
				CLANG_WARN_COMMA = YES;
				CLANG_WARN_CONSTANT_CONVERSION = YES;
				CLANG_WARN_DEPRECATED_OBJC_IMPLEMENTATIONS = YES;
				CLANG_WARN_DIRECT_OBJC_ISA_USAGE = YES_ERROR;
				CLANG_WARN_DOCUMENTATION_COMMENTS = YES;
				CLANG_WARN_EMPTY_BODY = YES;
				CLANG_WARN_ENUM_CONVERSION = YES;
				CLANG_WARN_INFINITE_RECURSION = YES;
				CLANG_WARN_INT_CONVERSION = YES;
				CLANG_WARN_NON_LITERAL_NULL_CONVERSION = YES;
				CLANG_WARN_OBJC_IMPLICIT_RETAIN_SELF = YES;
				CLANG_WARN_OBJC_LITERAL_CONVERSION = YES;
				CLANG_WARN_OBJC_ROOT_CLASS = YES_ERROR;
				CLANG_WARN_QUOTED_INCLUDE_IN_FRAMEWORK_HEADER = YES;
				CLANG_WARN_RANGE_LOOP_ANALYSIS = YES;
				CLANG_WARN_STRICT_PROTOTYPES = YES;
				CLANG_WARN_SUSPICIOUS_MOVE = YES;
				CLANG_WARN_UNGUARDED_AVAILABILITY = YES_AGGRESSIVE;
				CLANG_WARN_UNREACHABLE_CODE = YES;
				CLANG_WARN__DUPLICATE_METHOD_MATCH = YES;
				COPY_PHASE_STRIP = NO;
				DEBUG_INFORMATION_FORMAT = dwarf;
				ENABLE_STRICT_OBJC_MSGSEND = YES;
				ENABLE_TESTABILITY = YES;
				GCC_C_LANGUAGE_STANDARD = gnu11;
				GCC_DYNAMIC_NO_PIC = NO;
				GCC_NO_COMMON_BLOCKS = YES;
				GCC_OPTIMIZATION_LEVEL = 0;
				GCC_PREPROCESSOR_DEFINITIONS = (
					"DEBUG=1",
					"$(inherited)",
				);
				GCC_WARN_64_TO_32_BIT_CONVERSION = YES;
				GCC_WARN_ABOUT_RETURN_TYPE = YES_ERROR;
				GCC_WARN_UNDECLARED_SELECTOR = YES;
				GCC_WARN_UNINITIALIZED_AUTOS = YES_AGGRESSIVE;
				GCC_WARN_UNUSED_FUNCTION = YES;
				GCC_WARN_UNUSED_VARIABLE = YES;
				IPHONEOS_DEPLOYMENT_TARGET = 16.4;
				MTL_ENABLE_DEBUG_INFO = INCLUDE_SOURCE;
				MTL_FAST_MATH = YES;
				ONLY_ACTIVE_ARCH = YES;
				SDKROOT = iphoneos;
				SWIFT_ACTIVE_COMPILATION_CONDITIONS = DEBUG;
				SWIFT_OPTIMIZATION_LEVEL = "-Onone";
			};
			name = Debug;
		};
		52E4A7A12A88C8710080614E /* Release */ = {
			isa = XCBuildConfiguration;
			buildSettings = {
				ALWAYS_SEARCH_USER_PATHS = NO;
				CLANG_ANALYZER_NONNULL = YES;
				CLANG_ANALYZER_NUMBER_OBJECT_CONVERSION = YES_AGGRESSIVE;
				CLANG_CXX_LANGUAGE_STANDARD = "gnu++20";
				CLANG_ENABLE_MODULES = YES;
				CLANG_ENABLE_OBJC_ARC = YES;
				CLANG_ENABLE_OBJC_WEAK = YES;
				CLANG_WARN_BLOCK_CAPTURE_AUTORELEASING = YES;
				CLANG_WARN_BOOL_CONVERSION = YES;
				CLANG_WARN_COMMA = YES;
				CLANG_WARN_CONSTANT_CONVERSION = YES;
				CLANG_WARN_DEPRECATED_OBJC_IMPLEMENTATIONS = YES;
				CLANG_WARN_DIRECT_OBJC_ISA_USAGE = YES_ERROR;
				CLANG_WARN_DOCUMENTATION_COMMENTS = YES;
				CLANG_WARN_EMPTY_BODY = YES;
				CLANG_WARN_ENUM_CONVERSION = YES;
				CLANG_WARN_INFINITE_RECURSION = YES;
				CLANG_WARN_INT_CONVERSION = YES;
				CLANG_WARN_NON_LITERAL_NULL_CONVERSION = YES;
				CLANG_WARN_OBJC_IMPLICIT_RETAIN_SELF = YES;
				CLANG_WARN_OBJC_LITERAL_CONVERSION = YES;
				CLANG_WARN_OBJC_ROOT_CLASS = YES_ERROR;
				CLANG_WARN_QUOTED_INCLUDE_IN_FRAMEWORK_HEADER = YES;
				CLANG_WARN_RANGE_LOOP_ANALYSIS = YES;
				CLANG_WARN_STRICT_PROTOTYPES = YES;
				CLANG_WARN_SUSPICIOUS_MOVE = YES;
				CLANG_WARN_UNGUARDED_AVAILABILITY = YES_AGGRESSIVE;
				CLANG_WARN_UNREACHABLE_CODE = YES;
				CLANG_WARN__DUPLICATE_METHOD_MATCH = YES;
				COPY_PHASE_STRIP = NO;
				DEBUG_INFORMATION_FORMAT = "dwarf-with-dsym";
				ENABLE_NS_ASSERTIONS = NO;
				ENABLE_STRICT_OBJC_MSGSEND = YES;
				GCC_C_LANGUAGE_STANDARD = gnu11;
				GCC_NO_COMMON_BLOCKS = YES;
				GCC_WARN_64_TO_32_BIT_CONVERSION = YES;
				GCC_WARN_ABOUT_RETURN_TYPE = YES_ERROR;
				GCC_WARN_UNDECLARED_SELECTOR = YES;
				GCC_WARN_UNINITIALIZED_AUTOS = YES_AGGRESSIVE;
				GCC_WARN_UNUSED_FUNCTION = YES;
				GCC_WARN_UNUSED_VARIABLE = YES;
				IPHONEOS_DEPLOYMENT_TARGET = 16.4;
				MTL_ENABLE_DEBUG_INFO = NO;
				MTL_FAST_MATH = YES;
				SDKROOT = iphoneos;
				SWIFT_COMPILATION_MODE = wholemodule;
				SWIFT_OPTIMIZATION_LEVEL = "-O";
				VALIDATE_PRODUCT = YES;
			};
			name = Release;
		};
		52E4A7A32A88C8710080614E /* Debug */ = {
			isa = XCBuildConfiguration;
			buildSettings = {
				ASSETCATALOG_COMPILER_APPICON_NAME = AppIcon;
				ASSETCATALOG_COMPILER_GLOBAL_ACCENT_COLOR_NAME = AccentColor;
				CODE_SIGN_STYLE = Automatic;
				CURRENT_PROJECT_VERSION = 1;
				DEVELOPMENT_ASSET_PATHS = "\"MySpar/Preview Content\"";
				DEVELOPMENT_TEAM = VB8C9ZVKXH;
				ENABLE_PREVIEWS = YES;
				GENERATE_INFOPLIST_FILE = YES;
				INFOPLIST_KEY_CFBundleDisplayName = "Мой Spar";
				INFOPLIST_KEY_UIApplicationSceneManifest_Generation = YES;
				INFOPLIST_KEY_UIApplicationSupportsIndirectInputEvents = YES;
				INFOPLIST_KEY_UILaunchScreen_Generation = YES;
				INFOPLIST_KEY_UILaunchStoryboardName = LaunchScreen.storyboard;
				INFOPLIST_KEY_UISupportedInterfaceOrientations = UIInterfaceOrientationPortrait;
				INFOPLIST_KEY_UISupportedInterfaceOrientations_iPad = "UIInterfaceOrientationLandscapeLeft UIInterfaceOrientationLandscapeRight UIInterfaceOrientationPortrait UIInterfaceOrientationPortraitUpsideDown";
				IPHONEOS_DEPLOYMENT_TARGET = 14.0;
				LD_RUNPATH_SEARCH_PATHS = (
					"$(inherited)",
					"@executable_path/Frameworks",
				);
				MARKETING_VERSION = 1.0;
				PRODUCT_BUNDLE_IDENTIFIER = sihtmark.MySpar;
				PRODUCT_NAME = "$(TARGET_NAME)";
				SUPPORTED_PLATFORMS = "iphoneos iphonesimulator";
				SUPPORTS_MACCATALYST = NO;
				SUPPORTS_MAC_DESIGNED_FOR_IPHONE_IPAD = NO;
				SWIFT_EMIT_LOC_STRINGS = YES;
				SWIFT_VERSION = 5.0;
				TARGETED_DEVICE_FAMILY = 1;
			};
			name = Debug;
		};
		52E4A7A42A88C8710080614E /* Release */ = {
			isa = XCBuildConfiguration;
			buildSettings = {
				ASSETCATALOG_COMPILER_APPICON_NAME = AppIcon;
				ASSETCATALOG_COMPILER_GLOBAL_ACCENT_COLOR_NAME = AccentColor;
				CODE_SIGN_STYLE = Automatic;
				CURRENT_PROJECT_VERSION = 1;
				DEVELOPMENT_ASSET_PATHS = "\"MySpar/Preview Content\"";
				DEVELOPMENT_TEAM = VB8C9ZVKXH;
				ENABLE_PREVIEWS = YES;
				GENERATE_INFOPLIST_FILE = YES;
				INFOPLIST_KEY_CFBundleDisplayName = "Мой Spar";
				INFOPLIST_KEY_UIApplicationSceneManifest_Generation = YES;
				INFOPLIST_KEY_UIApplicationSupportsIndirectInputEvents = YES;
				INFOPLIST_KEY_UILaunchScreen_Generation = YES;
				INFOPLIST_KEY_UILaunchStoryboardName = LaunchScreen.storyboard;
				INFOPLIST_KEY_UISupportedInterfaceOrientations = UIInterfaceOrientationPortrait;
				INFOPLIST_KEY_UISupportedInterfaceOrientations_iPad = "UIInterfaceOrientationLandscapeLeft UIInterfaceOrientationLandscapeRight UIInterfaceOrientationPortrait UIInterfaceOrientationPortraitUpsideDown";
				IPHONEOS_DEPLOYMENT_TARGET = 14.0;
				LD_RUNPATH_SEARCH_PATHS = (
					"$(inherited)",
					"@executable_path/Frameworks",
				);
				MARKETING_VERSION = 1.0;
				PRODUCT_BUNDLE_IDENTIFIER = sihtmark.MySpar;
				PRODUCT_NAME = "$(TARGET_NAME)";
				SUPPORTED_PLATFORMS = "iphoneos iphonesimulator";
				SUPPORTS_MACCATALYST = NO;
				SUPPORTS_MAC_DESIGNED_FOR_IPHONE_IPAD = NO;
				SWIFT_EMIT_LOC_STRINGS = YES;
				SWIFT_VERSION = 5.0;
				TARGETED_DEVICE_FAMILY = 1;
			};
			name = Release;
		};
/* End XCBuildConfiguration section */

/* Begin XCConfigurationList section */
		52E4A78F2A88C86F0080614E /* Build configuration list for PBXProject "MySpar" */ = {
			isa = XCConfigurationList;
			buildConfigurations = (
				52E4A7A02A88C8710080614E /* Debug */,
				52E4A7A12A88C8710080614E /* Release */,
			);
			defaultConfigurationIsVisible = 0;
			defaultConfigurationName = Release;
		};
		52E4A7A22A88C8710080614E /* Build configuration list for PBXNativeTarget "MySpar" */ = {
			isa = XCConfigurationList;
			buildConfigurations = (
				52E4A7A32A88C8710080614E /* Debug */,
				52E4A7A42A88C8710080614E /* Release */,
			);
			defaultConfigurationIsVisible = 0;
			defaultConfigurationName = Release;
		};
/* End XCConfigurationList section */
	};
	rootObject = 52E4A78C2A88C86F0080614E /* Project object */;
}
